
Microsoft Visual Studio Solution File, Format Version 12.00
# Visual Studio Version 17
VisualStudioVersion = 17.14.36811.4 d17.14
MinimumVisualStudioVersion = 10.0.40219.1
Project("{FAE04EC0-301F-11D3-BF4B-00C04F79EFBC}") = "Company", "Company.csproj", "{8E51DACE-2BC0-4C39-BA50-F3B8FDFD0DAC}"
EndProject
Global
	GlobalSection(SolutionConfigurationPlatforms) = preSolution
		Debug|Any CPU = Debug|Any CPU
		Release|Any CPU = Release|Any CPU
	EndGlobalSection
	GlobalSection(ProjectConfigurationPlatforms) = postSolution
		{8E51DACE-2BC0-4C39-BA50-F3B8FDFD0DAC}.Debug|Any CPU.ActiveCfg = Debug|Any CPU
		{8E51DACE-2BC0-4C39-BA50-F3B8FDFD0DAC}.Debug|Any CPU.Build.0 = Debug|Any CPU
		{8E51DACE-2BC0-4C39-BA50-F3B8FDFD0DAC}.Release|Any CPU.ActiveCfg = Release|Any CPU
		{8E51DACE-2BC0-4C39-BA50-F3B8FDFD0DAC}.Release|Any CPU.Build.0 = Release|Any CPU
	EndGlobalSection
	GlobalSection(SolutionProperties) = preSolution
		HideSolutionNode = FALSE
	EndGlobalSection
	GlobalSection(ExtensibilityGlobals) = postSolution
		SolutionGuid = {EBA32178-7E7D-4CAB-B476-BEC9011050A9}
	EndGlobalSection
EndGlobal
